
Microsoft Visual Studio Solution File, Format Version 12.00
# Visual Studio Version 16
VisualStudioVersion = 16.0.30503.244
MinimumVisualStudioVersion = 10.0.40219.1
Project("{9A19103F-16F7-4668-BE54-9A1E7A4F7556}") = "JobsMonitor", "JobsMonitor.csproj", "{58EC7A8A-FE34-48FC-AD28-659254FCB2CA}"
EndProject
Project("{9A19103F-16F7-4668-BE54-9A1E7A4F7556}") = "XUnitTestJobsMonitor", "..\XUnitTestJobsMonitor\XUnitTestJobsMonitor.csproj", "{816B3F82-42CB-4DB3-923E-0B421360E07A}"
EndProject
Project("{FAE04EC0-301F-11D3-BF4B-00C04F79EFBC}") = "JobsClient", "..\JobsClient\JobsClient.csproj", "{ECDAC1ED-56EF-49CC-92D6-5F8092A909DF}"
EndProject
Global
	GlobalSection(SolutionConfigurationPlatforms) = preSolution
		Debug|Any CPU = Debug|Any CPU
		Release|Any CPU = Release|Any CPU
	EndGlobalSection
	GlobalSection(ProjectConfigurationPlatforms) = postSolution
		{58EC7A8A-FE34-48FC-AD28-659254FCB2CA}.Debug|Any CPU.ActiveCfg = Debug|Any CPU
		{58EC7A8A-FE34-48FC-AD28-659254FCB2CA}.Debug|Any CPU.Build.0 = Debug|Any CPU
		{58EC7A8A-FE34-48FC-AD28-659254FCB2CA}.Release|Any CPU.ActiveCfg = Release|Any CPU
		{58EC7A8A-FE34-48FC-AD28-659254FCB2CA}.Release|Any CPU.Build.0 = Release|Any CPU
		{816B3F82-42CB-4DB3-923E-0B421360E07A}.Debug|Any CPU.ActiveCfg = Debug|Any CPU
		{816B3F82-42CB-4DB3-923E-0B421360E07A}.Debug|Any CPU.Build.0 = Debug|Any CPU
		{816B3F82-42CB-4DB3-923E-0B421360E07A}.Release|Any CPU.ActiveCfg = Release|Any CPU
		{816B3F82-42CB-4DB3-923E-0B421360E07A}.Release|Any CPU.Build.0 = Release|Any CPU
		{ECDAC1ED-56EF-49CC-92D6-5F8092A909DF}.Debug|Any CPU.ActiveCfg = Debug|Any CPU
		{ECDAC1ED-56EF-49CC-92D6-5F8092A909DF}.Debug|Any CPU.Build.0 = Debug|Any CPU
		{ECDAC1ED-56EF-49CC-92D6-5F8092A909DF}.Release|Any CPU.ActiveCfg = Release|Any CPU
		{ECDAC1ED-56EF-49CC-92D6-5F8092A909DF}.Release|Any CPU.Build.0 = Release|Any CPU
	EndGlobalSection
	GlobalSection(SolutionProperties) = preSolution
		HideSolutionNode = FALSE
	EndGlobalSection
	GlobalSection(ExtensibilityGlobals) = postSolution
		SolutionGuid = {343FB29C-43E8-42D7-845D-6EA209C6778F}
	EndGlobalSection
EndGlobal
